
Microsoft Visual Studio Solution File, Format Version 12.00
# Visual Studio Version 17
VisualStudioVersion = 17.13.35825.156
MinimumVisualStudioVersion = 10.0.40219.1
Project("{2150E333-8FDC-42A3-9474-1A3956D46DE8}") = "FrontEnd", "FrontEnd", "{02EA681E-C7D8-13C7-8484-4AC65E1B71E8}"
EndProject
Project("{2150E333-8FDC-42A3-9474-1A3956D46DE8}") = "Gateway", "Gateway", "{F38A49C0-41E2-4AB7-B597-00AEE515044E}"
EndProject
Project("{2150E333-8FDC-42A3-9474-1A3956D46DE8}") = "Integration", "Integration", "{772FEBA2-E7F1-4270-8256-35A5C22698CB}"
EndProject
Project("{2150E333-8FDC-42A3-9474-1A3956D46DE8}") = "Services", "Services", "{D8545A60-CC32-44B5-99CA-5A8BB6613491}"
EndProject
Project("{FAE04EC0-301F-11D3-BF4B-00C04F79EFBC}") = "Microservices.Services.CouponAPI", "Microservices.Services.CouponAPI\Microservices.Services.CouponAPI.csproj", "{1D3440BC-B00B-49A7-857C-804DB5175E7C}"
EndProject
Project("{FAE04EC0-301F-11D3-BF4B-00C04F79EFBC}") = "Microservices.Web", "Microservices.Web\Microservices.Web.csproj", "{7BD7389B-FCB4-4B48-8E4B-7F957545794E}"
EndProject
Project("{FAE04EC0-301F-11D3-BF4B-00C04F79EFBC}") = "Microservices.Services.AuthAPI", "Microservices.Services.AuthAPI\Microservices.Services.AuthAPI.csproj", "{70FD35C4-D089-4E70-9FAA-C7297E5AE6BC}"
EndProject
Global
	GlobalSection(SolutionConfigurationPlatforms) = preSolution
		Debug|Any CPU = Debug|Any CPU
		Release|Any CPU = Release|Any CPU
	EndGlobalSection
	GlobalSection(ProjectConfigurationPlatforms) = postSolution
		{1D3440BC-B00B-49A7-857C-804DB5175E7C}.Debug|Any CPU.ActiveCfg = Debug|Any CPU
		{1D3440BC-B00B-49A7-857C-804DB5175E7C}.Debug|Any CPU.Build.0 = Debug|Any CPU
		{1D3440BC-B00B-49A7-857C-804DB5175E7C}.Release|Any CPU.ActiveCfg = Release|Any CPU
		{1D3440BC-B00B-49A7-857C-804DB5175E7C}.Release|Any CPU.Build.0 = Release|Any CPU
		{7BD7389B-FCB4-4B48-8E4B-7F957545794E}.Debug|Any CPU.ActiveCfg = Debug|Any CPU
		{7BD7389B-FCB4-4B48-8E4B-7F957545794E}.Debug|Any CPU.Build.0 = Debug|Any CPU
		{7BD7389B-FCB4-4B48-8E4B-7F957545794E}.Release|Any CPU.ActiveCfg = Release|Any CPU
		{7BD7389B-FCB4-4B48-8E4B-7F957545794E}.Release|Any CPU.Build.0 = Release|Any CPU
		{70FD35C4-D089-4E70-9FAA-C7297E5AE6BC}.Debug|Any CPU.ActiveCfg = Debug|Any CPU
		{70FD35C4-D089-4E70-9FAA-C7297E5AE6BC}.Debug|Any CPU.Build.0 = Debug|Any CPU
		{70FD35C4-D089-4E70-9FAA-C7297E5AE6BC}.Release|Any CPU.ActiveCfg = Release|Any CPU
		{70FD35C4-D089-4E70-9FAA-C7297E5AE6BC}.Release|Any CPU.Build.0 = Release|Any CPU
	EndGlobalSection
	GlobalSection(SolutionProperties) = preSolution
		HideSolutionNode = FALSE
	EndGlobalSection
	GlobalSection(NestedProjects) = preSolution
		{1D3440BC-B00B-49A7-857C-804DB5175E7C} = {D8545A60-CC32-44B5-99CA-5A8BB6613491}
		{7BD7389B-FCB4-4B48-8E4B-7F957545794E} = {02EA681E-C7D8-13C7-8484-4AC65E1B71E8}
		{70FD35C4-D089-4E70-9FAA-C7297E5AE6BC} = {D8545A60-CC32-44B5-99CA-5A8BB6613491}
	EndGlobalSection
	GlobalSection(ExtensibilityGlobals) = postSolution
		SolutionGuid = {CA3A7C86-2EF9-4C10-9CCF-1A06FCD8D378}
	EndGlobalSection
EndGlobal
